// !$*UTF8*$!
{
	archiveVersion = 1;
	classes = {
	};
	objectVersion = 56;
	objects = {

/* Begin PBXBuildFile section */
		0EA2D85D29DBEC310081740D /* AppDelegate.swift in Sources */ = {isa = PBXBuildFile; fileRef = 0EA2D85C29DBEC310081740D /* AppDelegate.swift */; };
		0EA2D85F29DBEC310081740D /* SceneDelegate.swift in Sources */ = {isa = PBXBuildFile; fileRef = 0EA2D85E29DBEC310081740D /* SceneDelegate.swift */; };
		0EA2D86129DBEC310081740D /* ViewController.swift in Sources */ = {isa = PBXBuildFile; fileRef = 0EA2D86029DBEC310081740D /* ViewController.swift */; };
		0EA2D86629DBEC330081740D /* Assets.xcassets in Resources */ = {isa = PBXBuildFile; fileRef = 0EA2D86529DBEC330081740D /* Assets.xcassets */; };
		0EA2D86929DBEC330081740D /* LaunchScreen.storyboard in Resources */ = {isa = PBXBuildFile; fileRef = 0EA2D86729DBEC330081740D /* LaunchScreen.storyboard */; };
		0EA2D87429DBEC330081740D /* ActionProjectTests.swift in Sources */ = {isa = PBXBuildFile; fileRef = 0EA2D87329DBEC330081740D /* ActionProjectTests.swift */; };
		0EA2D87E29DBEC330081740D /* ActionProjectUITests.swift in Sources */ = {isa = PBXBuildFile; fileRef = 0EA2D87D29DBEC330081740D /* ActionProjectUITests.swift */; };
		0EA2D88029DBEC330081740D /* ActionProjectUITestsLaunchTests.swift in Sources */ = {isa = PBXBuildFile; fileRef = 0EA2D87F29DBEC330081740D /* ActionProjectUITestsLaunchTests.swift */; };
/* End PBXBuildFile section */

/* Begin PBXContainerItemProxy section */
		0EA2D87029DBEC330081740D /* PBXContainerItemProxy */ = {
			isa = PBXContainerItemProxy;
			containerPortal = 0EA2D85129DBEC310081740D /* Project object */;
			proxyType = 1;
			remoteGlobalIDString = 0EA2D85829DBEC310081740D;
			remoteInfo = ActionProject;
		};
		0EA2D87A29DBEC330081740D /* PBXContainerItemProxy */ = {
			isa = PBXContainerItemProxy;
			containerPortal = 0EA2D85129DBEC310081740D /* Project object */;
			proxyType = 1;
			remoteGlobalIDString = 0EA2D85829DBEC310081740D;
			remoteInfo = ActionProject;
		};
/* End PBXContainerItemProxy section */

/* Begin PBXFileReference section */
		0EA2D85929DBEC310081740D /* ActionProject.app */ = {isa = PBXFileReference; explicitFileType = wrapper.application; includeInIndex = 0; path = ActionProject.app; sourceTree = BUILT_PRODUCTS_DIR; };
		0EA2D85C29DBEC310081740D /* AppDelegate.swift */ = {isa = PBXFileReference; lastKnownFileType = sourcecode.swift; path = AppDelegate.swift; sourceTree = "<group>"; };
		0EA2D85E29DBEC310081740D /* SceneDelegate.swift */ = {isa = PBXFileReference; lastKnownFileType = sourcecode.swift; path = SceneDelegate.swift; sourceTree = "<group>"; };
		0EA2D86029DBEC310081740D /* ViewController.swift */ = {isa = PBXFileReference; lastKnownFileType = sourcecode.swift; path = ViewController.swift; sourceTree = "<group>"; };
		0EA2D86529DBEC330081740D /* Assets.xcassets */ = {isa = PBXFileReference; lastKnownFileType = folder.assetcatalog; path = Assets.xcassets; sourceTree = "<group>"; };
		0EA2D86829DBEC330081740D /* Base */ = {isa = PBXFileReference; lastKnownFileType = file.storyboard; name = Base; path = Base.lproj/LaunchScreen.storyboard; sourceTree = "<group>"; };
		0EA2D86A29DBEC330081740D /* Info.plist */ = {isa = PBXFileReference; lastKnownFileType = text.plist.xml; path = Info.plist; sourceTree = "<group>"; };
		0EA2D86F29DBEC330081740D /* ActionProjectTests.xctest */ = {isa = PBXFileReference; explicitFileType = wrapper.cfbundle; includeInIndex = 0; path = ActionProjectTests.xctest; sourceTree = BUILT_PRODUCTS_DIR; };
		0EA2D87329DBEC330081740D /* ActionProjectTests.swift */ = {isa = PBXFileReference; lastKnownFileType = sourcecode.swift; path = ActionProjectTests.swift; sourceTree = "<group>"; };
		0EA2D87929DBEC330081740D /* ActionProjectUITests.xctest */ = {isa = PBXFileReference; explicitFileType = wrapper.cfbundle; includeInIndex = 0; path = ActionProjectUITests.xctest; sourceTree = BUILT_PRODUCTS_DIR; };
		0EA2D87D29DBEC330081740D /* ActionProjectUITests.swift */ = {isa = PBXFileReference; lastKnownFileType = sourcecode.swift; path = ActionProjectUITests.swift; sourceTree = "<group>"; };
		0EA2D87F29DBEC330081740D /* ActionProjectUITestsLaunchTests.swift */ = {isa = PBXFileReference; lastKnownFileType = sourcecode.swift; path = ActionProjectUITestsLaunchTests.swift; sourceTree = "<group>"; };
/* End PBXFileReference section */

/* Begin PBXFrameworksBuildPhase section */
		0EA2D85629DBEC310081740D /* Frameworks */ = {
			isa = PBXFrameworksBuildPhase;
			buildActionMask = 2147483647;
			files = (
			);
			runOnlyForDeploymentPostprocessing = 0;
		};
		0EA2D86C29DBEC330081740D /* Frameworks */ = {
			isa = PBXFrameworksBuildPhase;
			buildActionMask = 2147483647;
			files = (
			);
			runOnlyForDeploymentPostprocessing = 0;
		};
		0EA2D87629DBEC330081740D /* Frameworks */ = {
			isa = PBXFrameworksBuildPhase;
			buildActionMask = 2147483647;
			files = (
			);
			runOnlyForDeploymentPostprocessing = 0;
		};
/* End PBXFrameworksBuildPhase section */

/* Begin PBXGroup section */
		0EA2D85029DBEC310081740D = {
			isa = PBXGroup;
			children = (
				0EA2D85B29DBEC310081740D /* ActionProject */,
				0EA2D87229DBEC330081740D /* ActionProjectTests */,
				0EA2D87C29DBEC330081740D /* ActionProjectUITests */,
				0EA2D85A29DBEC310081740D /* Products */,
			);
			sourceTree = "<group>";
		};
		0EA2D85A29DBEC310081740D /* Products */ = {
			isa = PBXGroup;
			children = (
				0EA2D85929DBEC310081740D /* ActionProject.app */,
				0EA2D86F29DBEC330081740D /* ActionProjectTests.xctest */,
				0EA2D87929DBEC330081740D /* ActionProjectUITests.xctest */,
			);
			name = Products;
			sourceTree = "<group>";
		};
		0EA2D85B29DBEC310081740D /* ActionProject */ = {
			isa = PBXGroup;
			children = (
				0EA2D85C29DBEC310081740D /* AppDelegate.swift */,
				0EA2D85E29DBEC310081740D /* SceneDelegate.swift */,
				0EA2D86029DBEC310081740D /* ViewController.swift */,
				0EA2D86529DBEC330081740D /* Assets.xcassets */,
				0EA2D86729DBEC330081740D /* LaunchScreen.storyboard */,
				0EA2D86A29DBEC330081740D /* Info.plist */,
			);
			path = ActionProject;
			sourceTree = "<group>";
		};
		0EA2D87229DBEC330081740D /* ActionProjectTests */ = {
			isa = PBXGroup;
			children = (
				0EA2D87329DBEC330081740D /* ActionProjectTests.swift */,
			);
			path = ActionProjectTests;
			sourceTree = "<group>";
		};
		0EA2D87C29DBEC330081740D /* ActionProjectUITests */ = {
			isa = PBXGroup;
			children = (
				0EA2D87D29DBEC330081740D /* ActionProjectUITests.swift */,
				0EA2D87F29DBEC330081740D /* ActionProjectUITestsLaunchTests.swift */,
			);
			path = ActionProjectUITests;
			sourceTree = "<group>";
		};
/* End PBXGroup section */

/* Begin PBXNativeTarget section */
		0EA2D85829DBEC310081740D /* ActionProject */ = {
			isa = PBXNativeTarget;
			buildConfigurationList = 0EA2D88329DBEC330081740D /* Build configuration list for PBXNativeTarget "ActionProject" */;
			buildPhases = (
				0EA2D85529DBEC310081740D /* Sources */,
				0EA2D85629DBEC310081740D /* Frameworks */,
				0EA2D85729DBEC310081740D /* Resources */,
			);
			buildRules = (
			);
			dependencies = (
			);
			name = ActionProject;
			productName = ActionProject;
			productReference = 0EA2D85929DBEC310081740D /* ActionProject.app */;
			productType = "com.apple.product-type.application";
		};
		0EA2D86E29DBEC330081740D /* ActionProjectTests */ = {
			isa = PBXNativeTarget;
			buildConfigurationList = 0EA2D88629DBEC330081740D /* Build configuration list for PBXNativeTarget "ActionProjectTests" */;
			buildPhases = (
				0EA2D86B29DBEC330081740D /* Sources */,
				0EA2D86C29DBEC330081740D /* Frameworks */,
				0EA2D86D29DBEC330081740D /* Resources */,
			);
			buildRules = (
			);
			dependencies = (
				0EA2D87129DBEC330081740D /* PBXTargetDependency */,
			);
			name = ActionProjectTests;
			productName = ActionProjectTests;
			productReference = 0EA2D86F29DBEC330081740D /* ActionProjectTests.xctest */;
			productType = "com.apple.product-type.bundle.unit-test";
		};
		0EA2D87829DBEC330081740D /* ActionProjectUITests */ = {
			isa = PBXNativeTarget;
			buildConfigurationList = 0EA2D88929DBEC330081740D /* Build configuration list for PBXNativeTarget "ActionProjectUITests" */;
			buildPhases = (
				0EA2D87529DBEC330081740D /* Sources */,
				0EA2D87629DBEC330081740D /* Frameworks */,
				0EA2D87729DBEC330081740D /* Resources */,
			);
			buildRules = (
			);
			dependencies = (
				0EA2D87B29DBEC330081740D /* PBXTargetDependency */,
			);
			name = ActionProjectUITests;
			productName = ActionProjectUITests;
			productReference = 0EA2D87929DBEC330081740D /* ActionProjectUITests.xctest */;
			productType = "com.apple.product-type.bundle.ui-testing";
		};
/* End PBXNativeTarget section */

/* Begin PBXProject section */
		0EA2D85129DBEC310081740D /* Project object */ = {
			isa = PBXProject;
			attributes = {
				BuildIndependentTargetsInParallel = 1;
				LastSwiftUpdateCheck = 1430;
				LastUpgradeCheck = 1430;
				TargetAttributes = {
					0EA2D85829DBEC310081740D = {
						CreatedOnToolsVersion = 14.3;
					};
					0EA2D86E29DBEC330081740D = {
						CreatedOnToolsVersion = 14.3;
						TestTargetID = 0EA2D85829DBEC310081740D;
					};
					0EA2D87829DBEC330081740D = {
						CreatedOnToolsVersion = 14.3;
						TestTargetID = 0EA2D85829DBEC310081740D;
					};
				};
			};
			buildConfigurationList = 0EA2D85429DBEC310081740D /* Build configuration list for PBXProject "ActionProject" */;
			compatibilityVersion = "Xcode 14.0";
			developmentRegion = en;
			hasScannedForEncodings = 0;
			knownRegions = (
				en,
				Base,
			);
			mainGroup = 0EA2D85029DBEC310081740D;
			productRefGroup = 0EA2D85A29DBEC310081740D /* Products */;
			projectDirPath = "";
			projectRoot = "";
			targets = (
				0EA2D85829DBEC310081740D /* ActionProject */,
				0EA2D86E29DBEC330081740D /* ActionProjectTests */,
				0EA2D87829DBEC330081740D /* ActionProjectUITests */,
			);
		};
/* End PBXProject section */

/* Begin PBXResourcesBuildPhase section */
		0EA2D85729DBEC310081740D /* Resources */ = {
			isa = PBXResourcesBuildPhase;
			buildActionMask = 2147483647;
			files = (
				0EA2D86929DBEC330081740D /* LaunchScreen.storyboard in Resources */,
				0EA2D86629DBEC330081740D /* Assets.xcassets in Resources */,
			);
			runOnlyForDeploymentPostprocessing = 0;
		};
		0EA2D86D29DBEC330081740D /* Resources */ = {
			isa = PBXResourcesBuildPhase;
			buildActionMask = 2147483647;
			files = (
			);
			runOnlyForDeploymentPostprocessing = 0;
		};
		0EA2D87729DBEC330081740D /* Resources */ = {
			isa = PBXResourcesBuildPhase;
			buildActionMask = 2147483647;
			files = (
			);
			runOnlyForDeploymentPostprocessing = 0;
		};
/* End PBXResourcesBuildPhase section */

/* Begin PBXSourcesBuildPhase section */
		0EA2D85529DBEC310081740D /* Sources */ = {
			isa = PBXSourcesBuildPhase;
			buildActionMask = 2147483647;
			files = (
				0EA2D86129DBEC310081740D /* ViewController.swift in Sources */,
				0EA2D85D29DBEC310081740D /* AppDelegate.swift in Sources */,
				0EA2D85F29DBEC310081740D /* SceneDelegate.swift in Sources */,
			);
			runOnlyForDeploymentPostprocessing = 0;
		};
		0EA2D86B29DBEC330081740D /* Sources */ = {
			isa = PBXSourcesBuildPhase;
			buildActionMask = 2147483647;
			files = (
				0EA2D87429DBEC330081740D /* ActionProjectTests.swift in Sources */,
			);
			runOnlyForDeploymentPostprocessing = 0;
		};
		0EA2D87529DBEC330081740D /* Sources */ = {
			isa = PBXSourcesBuildPhase;
			buildActionMask = 2147483647;
			files = (
				0EA2D88029DBEC330081740D /* ActionProjectUITestsLaunchTests.swift in Sources */,
				0EA2D87E29DBEC330081740D /* ActionProjectUITests.swift in Sources */,
			);
			runOnlyForDeploymentPostprocessing = 0;
		};
/* End PBXSourcesBuildPhase section */

/* Begin PBXTargetDependency section */
		0EA2D87129DBEC330081740D /* PBXTargetDependency */ = {
			isa = PBXTargetDependency;
			target = 0EA2D85829DBEC310081740D /* ActionProject */;
			targetProxy = 0EA2D87029DBEC330081740D /* PBXContainerItemProxy */;
		};
		0EA2D87B29DBEC330081740D /* PBXTargetDependency */ = {
			isa = PBXTargetDependency;
			target = 0EA2D85829DBEC310081740D /* ActionProject */;
			targetProxy = 0EA2D87A29DBEC330081740D /* PBXContainerItemProxy */;
		};
/* End PBXTargetDependency section */

/* Begin PBXVariantGroup section */
		0EA2D86729DBEC330081740D /* LaunchScreen.storyboard */ = {
			isa = PBXVariantGroup;
			children = (
				0EA2D86829DBEC330081740D /* Base */,
			);
			name = LaunchScreen.storyboard;
			sourceTree = "<group>";
		};
/* End PBXVariantGroup section */

/* Begin XCBuildConfiguration section */
		0EA2D88129DBEC330081740D /* Debug */ = {
			isa = XCBuildConfiguration;
			buildSettings = {
				ALWAYS_SEARCH_USER_PATHS = NO;
				CLANG_ANALYZER_NONNULL = YES;
				CLANG_ANALYZER_NUMBER_OBJECT_CONVERSION = YES_AGGRESSIVE;
				CLANG_CXX_LANGUAGE_STANDARD = "gnu++20";
				CLANG_ENABLE_MODULES = YES;
				CLANG_ENABLE_OBJC_ARC = YES;
				CLANG_ENABLE_OBJC_WEAK = YES;
				CLANG_WARN_BLOCK_CAPTURE_AUTORELEASING = YES;
				CLANG_WARN_BOOL_CONVERSION = YES;
				CLANG_WARN_COMMA = YES;
				CLANG_WARN_CONSTANT_CONVERSION = YES;
				CLANG_WARN_DEPRECATED_OBJC_IMPLEMENTATIONS = YES;
				CLANG_WARN_DIRECT_OBJC_ISA_USAGE = YES_ERROR;
				CLANG_WARN_DOCUMENTATION_COMMENTS = YES;
				CLANG_WARN_EMPTY_BODY = YES;
				CLANG_WARN_ENUM_CONVERSION = YES;
				CLANG_WARN_INFINITE_RECURSION = YES;
				CLANG_WARN_INT_CONVERSION = YES;
				CLANG_WARN_NON_LITERAL_NULL_CONVERSION = YES;
				CLANG_WARN_OBJC_IMPLICIT_RETAIN_SELF = YES;
				CLANG_WARN_OBJC_LITERAL_CONVERSION = YES;
				CLANG_WARN_OBJC_ROOT_CLASS = YES_ERROR;
				CLANG_WARN_QUOTED_INCLUDE_IN_FRAMEWORK_HEADER = YES;
				CLANG_WARN_RANGE_LOOP_ANALYSIS = YES;
				CLANG_WARN_STRICT_PROTOTYPES = YES;
				CLANG_WARN_SUSPICIOUS_MOVE = YES;
				CLANG_WARN_UNGUARDED_AVAILABILITY = YES_AGGRESSIVE;
				CLANG_WARN_UNREACHABLE_CODE = YES;
				CLANG_WARN__DUPLICATE_METHOD_MATCH = YES;
				COPY_PHASE_STRIP = NO;
				DEBUG_INFORMATION_FORMAT = dwarf;
				ENABLE_STRICT_OBJC_MSGSEND = YES;
				ENABLE_TESTABILITY = YES;
				GCC_C_LANGUAGE_STANDARD = gnu11;
				GCC_DYNAMIC_NO_PIC = NO;
				GCC_NO_COMMON_BLOCKS = YES;
				GCC_OPTIMIZATION_LEVEL = 0;
				GCC_PREPROCESSOR_DEFINITIONS = (
					"DEBUG=1",
					"$(inherited)",
				);
				GCC_WARN_64_TO_32_BIT_CONVERSION = YES;
				GCC_WARN_ABOUT_RETURN_TYPE = YES_ERROR;
				GCC_WARN_UNDECLARED_SELECTOR = YES;
				GCC_WARN_UNINITIALIZED_AUTOS = YES_AGGRESSIVE;
				GCC_WARN_UNUSED_FUNCTION = YES;
				GCC_WARN_UNUSED_VARIABLE = YES;
				IPHONEOS_DEPLOYMENT_TARGET = 16.4;
				MTL_ENABLE_DEBUG_INFO = INCLUDE_SOURCE;
				MTL_FAST_MATH = YES;
				ONLY_ACTIVE_ARCH = YES;
				SDKROOT = iphoneos;
				SWIFT_ACTIVE_COMPILATION_CONDITIONS = DEBUG;
				SWIFT_OPTIMIZATION_LEVEL = "-Onone";
			};
			name = Debug;
		};
		0EA2D88229DBEC330081740D /* Release */ = {
			isa = XCBuildConfiguration;
			buildSettings = {
				ALWAYS_SEARCH_USER_PATHS = NO;
				CLANG_ANALYZER_NONNULL = YES;
				CLANG_ANALYZER_NUMBER_OBJECT_CONVERSION = YES_AGGRESSIVE;
				CLANG_CXX_LANGUAGE_STANDARD = "gnu++20";
				CLANG_ENABLE_MODULES = YES;
				CLANG_ENABLE_OBJC_ARC = YES;
				CLANG_ENABLE_OBJC_WEAK = YES;
				CLANG_WARN_BLOCK_CAPTURE_AUTORELEASING = YES;
				CLANG_WARN_BOOL_CONVERSION = YES;
				CLANG_WARN_COMMA = YES;
				CLANG_WARN_CONSTANT_CONVERSION = YES;
				CLANG_WARN_DEPRECATED_OBJC_IMPLEMENTATIONS = YES;
				CLANG_WARN_DIRECT_OBJC_ISA_USAGE = YES_ERROR;
				CLANG_WARN_DOCUMENTATION_COMMENTS = YES;
				CLANG_WARN_EMPTY_BODY = YES;
				CLANG_WARN_ENUM_CONVERSION = YES;
				CLANG_WARN_INFINITE_RECURSION = YES;
				CLANG_WARN_INT_CONVERSION = YES;
				CLANG_WARN_NON_LITERAL_NULL_CONVERSION = YES;
				CLANG_WARN_OBJC_IMPLICIT_RETAIN_SELF = YES;
				CLANG_WARN_OBJC_LITERAL_CONVERSION = YES;
				CLANG_WARN_OBJC_ROOT_CLASS = YES_ERROR;
				CLANG_WARN_QUOTED_INCLUDE_IN_FRAMEWORK_HEADER = YES;
				CLANG_WARN_RANGE_LOOP_ANALYSIS = YES;
				CLANG_WARN_STRICT_PROTOTYPES = YES;
				CLANG_WARN_SUSPICIOUS_MOVE = YES;
				CLANG_WARN_UNGUARDED_AVAILABILITY = YES_AGGRESSIVE;
				CLANG_WARN_UNREACHABLE_CODE = YES;
				CLANG_WARN__DUPLICATE_METHOD_MATCH = YES;
				COPY_PHASE_STRIP = NO;
				DEBUG_INFORMATION_FORMAT = "dwarf-with-dsym";
				ENABLE_NS_ASSERTIONS = NO;
				ENABLE_STRICT_OBJC_MSGSEND = YES;
				GCC_C_LANGUAGE_STANDARD = gnu11;
				GCC_NO_COMMON_BLOCKS = YES;
				GCC_WARN_64_TO_32_BIT_CONVERSION = YES;
				GCC_WARN_ABOUT_RETURN_TYPE = YES_ERROR;
				GCC_WARN_UNDECLARED_SELECTOR = YES;
				GCC_WARN_UNINITIALIZED_AUTOS = YES_AGGRESSIVE;
				GCC_WARN_UNUSED_FUNCTION = YES;
				GCC_WARN_UNUSED_VARIABLE = YES;
				IPHONEOS_DEPLOYMENT_TARGET = 16.4;
				MTL_ENABLE_DEBUG_INFO = NO;
				MTL_FAST_MATH = YES;
				SDKROOT = iphoneos;
				SWIFT_COMPILATION_MODE = wholemodule;
				SWIFT_OPTIMIZATION_LEVEL = "-O";
				VALIDATE_PRODUCT = YES;
			};
			name = Release;
		};
		0EA2D88429DBEC330081740D /* Debug */ = {
			isa = XCBuildConfiguration;
			buildSettings = {
				ASSETCATALOG_COMPILER_APPICON_NAME = AppIcon;
				ASSETCATALOG_COMPILER_GLOBAL_ACCENT_COLOR_NAME = AccentColor;
				CODE_SIGN_STYLE = Automatic;
				CURRENT_PROJECT_VERSION = 1;
				DEVELOPMENT_TEAM = 92YDTRVDUA;
				GENERATE_INFOPLIST_FILE = YES;
				INFOPLIST_FILE = ActionProject/Info.plist;
				INFOPLIST_KEY_UIApplicationSupportsIndirectInputEvents = YES;
				INFOPLIST_KEY_UILaunchStoryboardName = LaunchScreen;
				INFOPLIST_KEY_UIMainStoryboardFile = "";
				INFOPLIST_KEY_UISupportedInterfaceOrientations_iPad = "UIInterfaceOrientationPortrait UIInterfaceOrientationPortraitUpsideDown UIInterfaceOrientationLandscapeLeft UIInterfaceOrientationLandscapeRight";
				INFOPLIST_KEY_UISupportedInterfaceOrientations_iPhone = "UIInterfaceOrientationPortrait UIInterfaceOrientationLandscapeLeft UIInterfaceOrientationLandscapeRight";
				LD_RUNPATH_SEARCH_PATHS = (
					"$(inherited)",
					"@executable_path/Frameworks",
				);
				MARKETING_VERSION = 1.0;
				PRODUCT_BUNDLE_IDENTIFIER = com.ActionProject;
				PRODUCT_NAME = "$(TARGET_NAME)";
				SWIFT_EMIT_LOC_STRINGS = YES;
				SWIFT_VERSION = 5.0;
				TARGETED_DEVICE_FAMILY = "1,2";
			};
			name = Debug;
		};
		0EA2D88529DBEC330081740D /* Release */ = {
			isa = XCBuildConfiguration;
			buildSettings = {
				ASSETCATALOG_COMPILER_APPICON_NAME = AppIcon;
				ASSETCATALOG_COMPILER_GLOBAL_ACCENT_COLOR_NAME = AccentColor;
				CODE_SIGN_STYLE = Automatic;
				CURRENT_PROJECT_VERSION = 1;
				DEVELOPMENT_TEAM = 92YDTRVDUA;
				GENERATE_INFOPLIST_FILE = YES;
				INFOPLIST_FILE = ActionProject/Info.plist;
				INFOPLIST_KEY_UIApplicationSupportsIndirectInputEvents = YES;
				INFOPLIST_KEY_UILaunchStoryboardName = LaunchScreen;
				INFOPLIST_KEY_UIMainStoryboardFile = "";
				INFOPLIST_KEY_UISupportedInterfaceOrientations_iPad = "UIInterfaceOrientationPortrait UIInterfaceOrientationPortraitUpsideDown UIInterfaceOrientationLandscapeLeft UIInterfaceOrientationLandscapeRight";
				INFOPLIST_KEY_UISupportedInterfaceOrientations_iPhone = "UIInterfaceOrientationPortrait UIInterfaceOrientationLandscapeLeft UIInterfaceOrientationLandscapeRight";
				LD_RUNPATH_SEARCH_PATHS = (
					"$(inherited)",
					"@executable_path/Frameworks",
				);
				MARKETING_VERSION = 1.0;
				PRODUCT_BUNDLE_IDENTIFIER = com.ActionProject;
				PRODUCT_NAME = "$(TARGET_NAME)";
				SWIFT_EMIT_LOC_STRINGS = YES;
				SWIFT_VERSION = 5.0;
				TARGETED_DEVICE_FAMILY = "1,2";
			};
			name = Release;
		};
		0EA2D88729DBEC330081740D /* Debug */ = {
			isa = XCBuildConfiguration;
			buildSettings = {
				ALWAYS_EMBED_SWIFT_STANDARD_LIBRARIES = YES;
				BUNDLE_LOADER = "$(TEST_HOST)";
				CODE_SIGN_STYLE = Automatic;
				CURRENT_PROJECT_VERSION = 1;
				DEVELOPMENT_TEAM = 92YDTRVDUA;
				GENERATE_INFOPLIST_FILE = YES;
				IPHONEOS_DEPLOYMENT_TARGET = 16.4;
				MARKETING_VERSION = 1.0;
				PRODUCT_BUNDLE_IDENTIFIER = com.ActionProjectTests;
				PRODUCT_NAME = "$(TARGET_NAME)";
				SWIFT_EMIT_LOC_STRINGS = NO;
				SWIFT_VERSION = 5.0;
				TARGETED_DEVICE_FAMILY = "1,2";
				TEST_HOST = "$(BUILT_PRODUCTS_DIR)/ActionProject.app/$(BUNDLE_EXECUTABLE_FOLDER_PATH)/ActionProject";
			};
			name = Debug;
		};
		0EA2D88829DBEC330081740D /* Release */ = {
			isa = XCBuildConfiguration;
			buildSettings = {
				ALWAYS_EMBED_SWIFT_STANDARD_LIBRARIES = YES;
				BUNDLE_LOADER = "$(TEST_HOST)";
				CODE_SIGN_STYLE = Automatic;
				CURRENT_PROJECT_VERSION = 1;
				DEVELOPMENT_TEAM = 92YDTRVDUA;
				GENERATE_INFOPLIST_FILE = YES;
				IPHONEOS_DEPLOYMENT_TARGET = 16.4;
				MARKETING_VERSION = 1.0;
				PRODUCT_BUNDLE_IDENTIFIER = com.ActionProjectTests;
				PRODUCT_NAME = "$(TARGET_NAME)";
				SWIFT_EMIT_LOC_STRINGS = NO;
				SWIFT_VERSION = 5.0;
				TARGETED_DEVICE_FAMILY = "1,2";
				TEST_HOST = "$(BUILT_PRODUCTS_DIR)/ActionProject.app/$(BUNDLE_EXECUTABLE_FOLDER_PATH)/ActionProject";
			};
			name = Release;
		};
		0EA2D88A29DBEC330081740D /* Debug */ = {
			isa = XCBuildConfiguration;
			buildSettings = {
				ALWAYS_EMBED_SWIFT_STANDARD_LIBRARIES = YES;
				CODE_SIGN_STYLE = Automatic;
				CURRENT_PROJECT_VERSION = 1;
				DEVELOPMENT_TEAM = 92YDTRVDUA;
				GENERATE_INFOPLIST_FILE = YES;
				MARKETING_VERSION = 1.0;
				PRODUCT_BUNDLE_IDENTIFIER = com.ActionProjectUITests;
				PRODUCT_NAME = "$(TARGET_NAME)";
				SWIFT_EMIT_LOC_STRINGS = NO;
				SWIFT_VERSION = 5.0;
				TARGETED_DEVICE_FAMILY = "1,2";
				TEST_TARGET_NAME = ActionProject;
			};
			name = Debug;
		};
		0EA2D88B29DBEC330081740D /* Release */ = {
			isa = XCBuildConfiguration;
			buildSettings = {
				ALWAYS_EMBED_SWIFT_STANDARD_LIBRARIES = YES;
				CODE_SIGN_STYLE = Automatic;
				CURRENT_PROJECT_VERSION = 1;
				DEVELOPMENT_TEAM = 92YDTRVDUA;
				GENERATE_INFOPLIST_FILE = YES;
				MARKETING_VERSION = 1.0;
				PRODUCT_BUNDLE_IDENTIFIER = com.ActionProjectUITests;
				PRODUCT_NAME = "$(TARGET_NAME)";
				SWIFT_EMIT_LOC_STRINGS = NO;
				SWIFT_VERSION = 5.0;
				TARGETED_DEVICE_FAMILY = "1,2";
				TEST_TARGET_NAME = ActionProject;
			};
			name = Release;
		};
/* End XCBuildConfiguration section */

/* Begin XCConfigurationList section */
		0EA2D85429DBEC310081740D /* Build configuration list for PBXProject "ActionProject" */ = {
			isa = XCConfigurationList;
			buildConfigurations = (
				0EA2D88129DBEC330081740D /* Debug */,
				0EA2D88229DBEC330081740D /* Release */,
			);
			defaultConfigurationIsVisible = 0;
			defaultConfigurationName = Release;
		};
		0EA2D88329DBEC330081740D /* Build configuration list for PBXNativeTarget "ActionProject" */ = {
			isa = XCConfigurationList;
			buildConfigurations = (
				0EA2D88429DBEC330081740D /* Debug */,
				0EA2D88529DBEC330081740D /* Release */,
			);
			defaultConfigurationIsVisible = 0;
			defaultConfigurationName = Release;
		};
		0EA2D88629DBEC330081740D /* Build configuration list for PBXNativeTarget "ActionProjectTests" */ = {
			isa = XCConfigurationList;
			buildConfigurations = (
				0EA2D88729DBEC330081740D /* Debug */,
				0EA2D88829DBEC330081740D /* Release */,
			);
			defaultConfigurationIsVisible = 0;
			defaultConfigurationName = Release;
		};
		0EA2D88929DBEC330081740D /* Build configuration list for PBXNativeTarget "ActionProjectUITests" */ = {
			isa = XCConfigurationList;
			buildConfigurations = (
				0EA2D88A29DBEC330081740D /* Debug */,
				0EA2D88B29DBEC330081740D /* Release */,
			);
			defaultConfigurationIsVisible = 0;
			defaultConfigurationName = Release;
		};
/* End XCConfigurationList section */
	};
	rootObject = 0EA2D85129DBEC310081740D /* Project object */;
}
